
Microsoft Visual Studio Solution File, Format Version 12.00
# Visual Studio Version 16
VisualStudioVersion = 16.0.29409.12
MinimumVisualStudioVersion = 10.0.40219.1
Project("{FAE04EC0-301F-11D3-BF4B-00C04F79EFBC}") = "Craft-client", "Craft-client.csproj", "{8EF6D83E-88C3-4B5B-9989-B3586FD176E3}"
EndProject
Global
	GlobalSection(SolutionConfigurationPlatforms) = preSolution
		Debug|Any CPU = Debug|Any CPU
		Release|Any CPU = Release|Any CPU
	EndGlobalSection
	GlobalSection(ProjectConfigurationPlatforms) = postSolution
		{8EF6D83E-88C3-4B5B-9989-B3586FD176E3}.Debug|Any CPU.ActiveCfg = Debug|Any CPU
		{8EF6D83E-88C3-4B5B-9989-B3586FD176E3}.Debug|Any CPU.Build.0 = Debug|Any CPU
		{8EF6D83E-88C3-4B5B-9989-B3586FD176E3}.Release|Any CPU.ActiveCfg = Release|Any CPU
		{8EF6D83E-88C3-4B5B-9989-B3586FD176E3}.Release|Any CPU.Build.0 = Release|Any CPU
	EndGlobalSection
	GlobalSection(SolutionProperties) = preSolution
		HideSolutionNode = FALSE
	EndGlobalSection
	GlobalSection(ExtensibilityGlobals) = postSolution
		SolutionGuid = {C6CDB6DE-2E7B-4882-8B71-C5B28ADDD215}
	EndGlobalSection
EndGlobal
